# This file was autogenerated by Stack.
# You should not edit this file by hand.
# For more information, please see the documentation at:
#   https://docs.haskellstack.org/en/stable/lock_files

packages: []
snapshots:
- completed:
    size: 609309
    url: https://raw.githubusercontent.com/commercialhaskell/stackage-snapshots/master/nightly/2022/2/17.yaml
    sha256: d6e20fe068df1aac4d7a910bd61802f8498e897e6224eccf07d13907eb671ee5
  original: nightly-2022-02-17
